
Microsoft Visual Studio Solution File, Format Version 12.00
# Visual Studio 15
VisualStudioVersion = 15.0.26430.16
MinimumVisualStudioVersion = 10.0.40219.1
Project("{FAE04EC0-301F-11D3-BF4B-00C04F79EFBC}") = "FrontEnd", "FrontEnd\FrontEnd.csproj", "{962461CD-EA1F-4A7D-9A9C-D87E9FA05651}"
EndProject
Project("{FAE04EC0-301F-11D3-BF4B-00C04F79EFBC}") = "BackEnd", "BackEnd\BackEnd.csproj", "{FA57CE99-8A7F-4404-80CB-D75E4941D693}"
EndProject
Global
	GlobalSection(SolutionConfigurationPlatforms) = preSolution
		Debug|Any CPU = Debug|Any CPU
		Release|Any CPU = Release|Any CPU
	EndGlobalSection
	GlobalSection(ProjectConfigurationPlatforms) = postSolution
		{962461CD-EA1F-4A7D-9A9C-D87E9FA05651}.Debug|Any CPU.ActiveCfg = Debug|Any CPU
		{962461CD-EA1F-4A7D-9A9C-D87E9FA05651}.Debug|Any CPU.Build.0 = Debug|Any CPU
		{962461CD-EA1F-4A7D-9A9C-D87E9FA05651}.Release|Any CPU.ActiveCfg = Release|Any CPU
		{962461CD-EA1F-4A7D-9A9C-D87E9FA05651}.Release|Any CPU.Build.0 = Release|Any CPU
		{FA57CE99-8A7F-4404-80CB-D75E4941D693}.Debug|Any CPU.ActiveCfg = Debug|Any CPU
		{FA57CE99-8A7F-4404-80CB-D75E4941D693}.Debug|Any CPU.Build.0 = Debug|Any CPU
		{FA57CE99-8A7F-4404-80CB-D75E4941D693}.Release|Any CPU.ActiveCfg = Release|Any CPU
		{FA57CE99-8A7F-4404-80CB-D75E4941D693}.Release|Any CPU.Build.0 = Release|Any CPU
	EndGlobalSection
	GlobalSection(SolutionProperties) = preSolution
		HideSolutionNode = FALSE
	EndGlobalSection
EndGlobal
